<Solution>
  <Configurations>
    <Platform Name="x64" />
    <Platform Name="x86" />
  </Configurations>
  <Project Path="EditorWindow/EditorWindow.vcxproj" Id="086ab81d-302f-4cb8-a07a-c85b1e2ea5e0" />
  <Project Path="MyEngine_SOURCE/MyEngine_SOURCE.vcxitems" Id="0992ee35-d683-495c-8347-9c471af5bd9f" />
  <Project Path="MyEngine_Window/MyEngine_Window.vcxproj" Id="49e142f9-a055-42c4-b343-39c95e779fbc" />
</Solution>
